
Microsoft Visual Studio Solution File, Format Version 12.00
# Visual Studio Version 17
VisualStudioVersion = 17.13.35825.156 d17.13
MinimumVisualStudioVersion = 10.0.40219.1
Project("{FAE04EC0-301F-11D3-BF4B-00C04F79EFBC}") = "TaskTracker", "TaskTracker\TaskTracker.csproj", "{8E6FC3B8-7E95-4B4C-9BE1-6B097E868221}"
EndProject
Global
	GlobalSection(SolutionConfigurationPlatforms) = preSolution
		Debug|Any CPU = Debug|Any CPU
		Release|Any CPU = Release|Any CPU
	EndGlobalSection
	GlobalSection(ProjectConfigurationPlatforms) = postSolution
		{8E6FC3B8-7E95-4B4C-9BE1-6B097E868221}.Debug|Any CPU.ActiveCfg = Debug|Any CPU
		{8E6FC3B8-7E95-4B4C-9BE1-6B097E868221}.Debug|Any CPU.Build.0 = Debug|Any CPU
		{8E6FC3B8-7E95-4B4C-9BE1-6B097E868221}.Release|Any CPU.ActiveCfg = Release|Any CPU
		{8E6FC3B8-7E95-4B4C-9BE1-6B097E868221}.Release|Any CPU.Build.0 = Release|Any CPU
	EndGlobalSection
	GlobalSection(SolutionProperties) = preSolution
		HideSolutionNode = FALSE
	EndGlobalSection
	GlobalSection(ExtensibilityGlobals) = postSolution
		SolutionGuid = {EEE14989-4E84-47CE-8C78-BAD25859E2C4}
	EndGlobalSection
EndGlobal
